
Microsoft Visual Studio Solution File, Format Version 12.00
# Visual Studio Version 17
VisualStudioVersion = 17.5.002.0
MinimumVisualStudioVersion = 10.0.40219.1
Project("{9A19103F-16F7-4668-BE54-9A1E7A4F7556}") = "001_Task46", "001_Task46\001_Task46.csproj", "{2FBEA763-F0F7-4B63-9A5F-FF1CCDF4A3B9}"
EndProject
Project("{9A19103F-16F7-4668-BE54-9A1E7A4F7556}") = "002_Task48", "002_Task48\002_Task48.csproj", "{122B0CA7-5D1D-4F90-AD8A-69FEEBEC4955}"
EndProject
Global
	GlobalSection(SolutionConfigurationPlatforms) = preSolution
		Debug|Any CPU = Debug|Any CPU
		Release|Any CPU = Release|Any CPU
	EndGlobalSection
	GlobalSection(ProjectConfigurationPlatforms) = postSolution
		{2FBEA763-F0F7-4B63-9A5F-FF1CCDF4A3B9}.Debug|Any CPU.ActiveCfg = Debug|Any CPU
		{2FBEA763-F0F7-4B63-9A5F-FF1CCDF4A3B9}.Debug|Any CPU.Build.0 = Debug|Any CPU
		{2FBEA763-F0F7-4B63-9A5F-FF1CCDF4A3B9}.Release|Any CPU.ActiveCfg = Release|Any CPU
		{2FBEA763-F0F7-4B63-9A5F-FF1CCDF4A3B9}.Release|Any CPU.Build.0 = Release|Any CPU
		{122B0CA7-5D1D-4F90-AD8A-69FEEBEC4955}.Debug|Any CPU.ActiveCfg = Debug|Any CPU
		{122B0CA7-5D1D-4F90-AD8A-69FEEBEC4955}.Debug|Any CPU.Build.0 = Debug|Any CPU
		{122B0CA7-5D1D-4F90-AD8A-69FEEBEC4955}.Release|Any CPU.ActiveCfg = Release|Any CPU
		{122B0CA7-5D1D-4F90-AD8A-69FEEBEC4955}.Release|Any CPU.Build.0 = Release|Any CPU
	EndGlobalSection
	GlobalSection(SolutionProperties) = preSolution
		HideSolutionNode = FALSE
	EndGlobalSection
	GlobalSection(ExtensibilityGlobals) = postSolution
		SolutionGuid = {55B14555-D3FD-4988-A52A-B105DC84374D}
	EndGlobalSection
EndGlobal
